{
  "lockfile_version": "1",
  "packages": {
    "curl@latest": {
      "last_modified": "2025-02-26T05:29:08Z",
      "resolved": "github:NixOS/nixpkgs/3a05eebede89661660945da1f151959900903b6a#curl",
      "source": "devbox-search",
      "version": "8.12.0",
      "systems": {
        "aarch64-darwin": {
          "outputs": [
            {
              "name": "bin",
              "path": "/nix/store/9myjd1zdkkax5jc3f3229j442miaq7kj-curl-8.12.0-bin",
              "default": true
            },
            {
              "name": "man",
              "path": "/nix/store/p28rf5q9r38zjmrri672y5simy393wsj-curl-8.12.0-man",
              "default": true
            },
            {
              "name": "dev",
              "path": "/nix/store/csqw5yhj3zpg03vqxlncw3c28kf8x1zs-curl-8.12.0-dev"
            },
            {
              "name": "devdoc",
              "path": "/nix/store/qwgrhvxfpipy422d60k8k5w56cmgqb9x-curl-8.12.0-devdoc"
            },
            {
              "name": "out",
              "path": "/nix/store/wb9nfblv2jnil545kphk5lvslfq1g3b8-curl-8.12.0"
            }
          ],
          "store_path": "/nix/store/9myjd1zdkkax5jc3f3229j442miaq7kj-curl-8.12.0-bin"
        },
        "aarch64-linux": {
          "outputs": [
            {
              "name": "bin",
              "path": "/nix/store/fl6kcwnyls1vqcnbb87n021dfad7n7sc-curl-8.12.0-bin",
              "default": true
            },
            {
              "name": "man",
              "path": "/nix/store/38mms36gmk6gwjanhd6kpfxh1lkjhqpa-curl-8.12.0-man",
              "default": true
            },
            {
              "name": "devdoc",
              "path": "/nix/store/1cjg5qd88ia6fv8nb9s1x0fppmz01dvy-curl-8.12.0-devdoc"
            },
            {
              "name": "out",
              "path": "/nix/store/hifg644pihcpysmyhng1szck9ml5zily-curl-8.12.0"
            },
            {
              "name": "debug",
              "path": "/nix/store/w5ialygvxmmj65zrlzdj68rsc6zbxr9g-curl-8.12.0-debug"
            },
            {
              "name": "dev",
              "path": "/nix/store/hklf3asvj79ydqqdfpmax1ppcdm5ikj8-curl-8.12.0-dev"
            }
          ],
          "store_path": "/nix/store/fl6kcwnyls1vqcnbb87n021dfad7n7sc-curl-8.12.0-bin"
        },
        "x86_64-darwin": {
          "outputs": [
            {
              "name": "bin",
              "path": "/nix/store/lj6gw1acr0669krygpccm1dphsh1mj71-curl-8.12.0-bin",
              "default": true
            },
            {
              "name": "man",
              "path": "/nix/store/vwqh8i5iv2n0g55pbkkqf77af6lydiv3-curl-8.12.0-man",
              "default": true
            },
            {
              "name": "dev",
              "path": "/nix/store/gczdlrihh9l93a1hwc7zsw3pydffaw9b-curl-8.12.0-dev"
            },
            {
              "name": "devdoc",
              "path": "/nix/store/pwjzxpsk1w87hfbysjb2zvvx5gkklmlh-curl-8.12.0-devdoc"
            },
            {
              "name": "out",
              "path": "/nix/store/0fa623i9pja3mvqd1vid5dhc4daz0r45-curl-8.12.0"
            }
          ],
          "store_path": "/nix/store/lj6gw1acr0669krygpccm1dphsh1mj71-curl-8.12.0-bin"
        },
        "x86_64-linux": {
          "outputs": [
            {
              "name": "bin",
              "path": "/nix/store/ms1vcpk06m5szgr1lyraasjimml78v6z-curl-8.12.0-bin",
              "default": true
            },
            {
              "name": "man",
              "path": "/nix/store/wx5qzp42x0fsqwyvf178yk9w4wfx2shc-curl-8.12.0-man",
              "default": true
            },
            {
              "name": "dev",
              "path": "/nix/store/qj3l9cxfj8hwib1496af23aclj52xabk-curl-8.12.0-dev"
            },
            {
              "name": "devdoc",
              "path": "/nix/store/avav4ics90xrg1fw8gi5xkir762qz1dk-curl-8.12.0-devdoc"
            },
            {
              "name": "out",
              "path": "/nix/store/simdgzgxrcqkvak7zpczr176rgbar3s5-curl-8.12.0"
            },
            {
              "name": "debug",
              "path": "/nix/store/6zy2wa0g1vjk9h7pzypg2648rzdmmsi4-curl-8.12.0-debug"
            }
          ],
          "store_path": "/nix/store/ms1vcpk06m5szgr1lyraasjimml78v6z-curl-8.12.0-bin"
        }
      }
    },
    "fish@latest": {
      "last_modified": "2025-02-23T09:42:26Z",
      "resolved": "github:NixOS/nixpkgs/2d068ae5c6516b2d04562de50a58c682540de9bf#fish",
      "source": "devbox-search",
      "version": "3.7.1",
      "systems": {
        "aarch64-darwin": {
          "outputs": [
            {
              "name": "out",
              "path": "/nix/store/2hq38y4h3793c1x686z2vv4fvjmp4wc1-fish-3.7.1",
              "default": true
            },
            {
              "name": "doc",
              "path": "/nix/store/ncqv0vwr4g0zii3mxr10yagdkglklsmp-fish-3.7.1-doc"
            }
          ],
          "store_path": "/nix/store/2hq38y4h3793c1x686z2vv4fvjmp4wc1-fish-3.7.1"
        },
        "aarch64-linux": {
          "outputs": [
            {
              "name": "out",
              "path": "/nix/store/xqhzrbc0x2k0x91bd8bbrrx6c9q69zr6-fish-3.7.1",
              "default": true
            },
            {
              "name": "doc",
              "path": "/nix/store/lhqk0wjndmmj4bqvii51yg26jzmlgmr3-fish-3.7.1-doc"
            }
          ],
          "store_path": "/nix/store/xqhzrbc0x2k0x91bd8bbrrx6c9q69zr6-fish-3.7.1"
        },
        "x86_64-darwin": {
          "outputs": [
            {
              "name": "out",
              "path": "/nix/store/yl3mmih05xqvywayqax88qwvg7xhlpi9-fish-3.7.1",
              "default": true
            },
            {
              "name": "doc",
              "path": "/nix/store/6cysgym15h64i16mch7vhs40a7lxl0wp-fish-3.7.1-doc"
            }
          ],
          "store_path": "/nix/store/yl3mmih05xqvywayqax88qwvg7xhlpi9-fish-3.7.1"
        },
        "x86_64-linux": {
          "outputs": [
            {
              "name": "out",
              "path": "/nix/store/q438a030s7a7wbfhp1j9gbja4kyrdm04-fish-3.7.1",
              "default": true
            },
            {
              "name": "doc",
              "path": "/nix/store/ky3nph6h6inqhpf9f8926xkibbixs9cx-fish-3.7.1-doc"
            }
          ],
          "store_path": "/nix/store/q438a030s7a7wbfhp1j9gbja4kyrdm04-fish-3.7.1"
        }
      }
    },
    "git@latest": {
      "last_modified": "2025-02-23T09:42:26Z",
      "resolved": "github:NixOS/nixpkgs/2d068ae5c6516b2d04562de50a58c682540de9bf#git",
      "source": "devbox-search",
      "version": "2.48.1",
      "systems": {
        "aarch64-darwin": {
          "outputs": [
            {
              "name": "out",
              "path": "/nix/store/48bd3kx9xl36ixnzax9chik2y2l7lx9m-git-2.48.1",
              "default": true
            },
            {
              "name": "doc",
              "path": "/nix/store/7clrn7z9dxxl1n9hy2vy5nrk58mrb258-git-2.48.1-doc"
            }
          ],
          "store_path": "/nix/store/48bd3kx9xl36ixnzax9chik2y2l7lx9m-git-2.48.1"
        },
        "aarch64-linux": {
          "outputs": [
            {
              "name": "out",
              "path": "/nix/store/4rfdh67qx08marb8kwl8pk98pkwl8kiv-git-2.48.1",
              "default": true
            },
            {
              "name": "doc",
              "path": "/nix/store/c9hzqmbywb0basggdaylpc0j3r8j0dxs-git-2.48.1-doc"
            },
            {
              "name": "debug",
              "path": "/nix/store/yf283fv2zlaaaszdcfazbz1rg6d6f18q-git-2.48.1-debug"
            }
          ],
          "store_path": "/nix/store/4rfdh67qx08marb8kwl8pk98pkwl8kiv-git-2.48.1"
        },
        "x86_64-darwin": {
          "outputs": [
            {
              "name": "out",
              "path": "/nix/store/siawz69ch5kb1k1vaak8gbm6w5zmkbz6-git-2.48.1",
              "default": true
            },
            {
              "name": "doc",
              "path": "/nix/store/50346pq535sxngx9r0q1rf1bh0v01pyv-git-2.48.1-doc"
            }
          ],
          "store_path": "/nix/store/siawz69ch5kb1k1vaak8gbm6w5zmkbz6-git-2.48.1"
        },
        "x86_64-linux": {
          "outputs": [
            {
              "name": "out",
              "path": "/nix/store/nj1na0qwqhpd128vr71p70hz9jyhnz5x-git-2.48.1",
              "default": true
            },
            {
              "name": "debug",
              "path": "/nix/store/7gz9ywl4jw0clbbghaii5xgdivxsdgk3-git-2.48.1-debug"
            },
            {
              "name": "doc",
              "path": "/nix/store/2g2q2z1rkc9lgy1ib2a5cgl9mrzhqbla-git-2.48.1-doc"
            }
          ],
          "store_path": "/nix/store/nj1na0qwqhpd128vr71p70hz9jyhnz5x-git-2.48.1"
        }
      }
    },
    "vim@latest": {
      "last_modified": "2025-02-07T11:26:36Z",
      "resolved": "github:NixOS/nixpkgs/d98abf5cf5914e5e4e9d57205e3af55ca90ffc1d#vim",
      "source": "devbox-search",
      "version": "9.1.1046",
      "systems": {
        "aarch64-darwin": {
          "outputs": [
            {
              "name": "out",
              "path": "/nix/store/rx2i32cjx1y09n3qr5939xxfqjpkrhsr-vim-9.1.1046",
              "default": true
            },
            {
              "name": "xxd",
              "path": "/nix/store/kbq8w3npsqgdipxc3ml57z67s0gn95yf-vim-9.1.1046-xxd",
              "default": true
            }
          ],
          "store_path": "/nix/store/rx2i32cjx1y09n3qr5939xxfqjpkrhsr-vim-9.1.1046"
        },
        "aarch64-linux": {
          "outputs": [
            {
              "name": "out",
              "path": "/nix/store/j67dghzznffvqvdg4q676ygw2pif1hw9-vim-9.1.1046",
              "default": true
            },
            {
              "name": "xxd",
              "path": "/nix/store/0jh6sz9n3hrx7rnb44fq3xngya14ds4j-vim-9.1.1046-xxd",
              "default": true
            }
          ],
          "store_path": "/nix/store/j67dghzznffvqvdg4q676ygw2pif1hw9-vim-9.1.1046"
        },
        "x86_64-darwin": {
          "outputs": [
            {
              "name": "out",
              "path": "/nix/store/n4rw363dm6mmi8zrcyzd8k0yhmnyw333-vim-9.1.1046",
              "default": true
            },
            {
              "name": "xxd",
              "path": "/nix/store/kr9p6d9ws269mq9mf0b7al60b687x862-vim-9.1.1046-xxd",
              "default": true
            }
          ],
          "store_path": "/nix/store/n4rw363dm6mmi8zrcyzd8k0yhmnyw333-vim-9.1.1046"
        },
        "x86_64-linux": {
          "outputs": [
            {
              "name": "out",
              "path": "/nix/store/91af2356mvkx4km3ngqi7sgfv6kimnc7-vim-9.1.1046",
              "default": true
            },
            {
              "name": "xxd",
              "path": "/nix/store/4n2k7vffrqzgm8pxa1a4vdky1hzfyl2d-vim-9.1.1046-xxd",
              "default": true
            }
          ],
          "store_path": "/nix/store/91af2356mvkx4km3ngqi7sgfv6kimnc7-vim-9.1.1046"
        }
      }
    },
    "wget@latest": {
      "last_modified": "2025-02-07T11:26:36Z",
      "resolved": "github:NixOS/nixpkgs/d98abf5cf5914e5e4e9d57205e3af55ca90ffc1d#wget",
      "source": "devbox-search",
      "version": "1.25.0",
      "systems": {
        "aarch64-darwin": {
          "outputs": [
            {
              "name": "out",
              "path": "/nix/store/2l7xlq5ls2b1bp4r0zyqq9bsg0la2p6i-wget-1.25.0",
              "default": true
            }
          ],
          "store_path": "/nix/store/2l7xlq5ls2b1bp4r0zyqq9bsg0la2p6i-wget-1.25.0"
        },
        "aarch64-linux": {
          "outputs": [
            {
              "name": "out",
              "path": "/nix/store/qg5nqdllli879pdjqirdf0v2nz3zhdxg-wget-1.25.0",
              "default": true
            }
          ],
          "store_path": "/nix/store/qg5nqdllli879pdjqirdf0v2nz3zhdxg-wget-1.25.0"
        },
        "x86_64-darwin": {
          "outputs": [
            {
              "name": "out",
              "path": "/nix/store/sx84x0r3aar3x6vl7zhl2k2n3fajbvg7-wget-1.25.0",
              "default": true
            }
          ],
          "store_path": "/nix/store/sx84x0r3aar3x6vl7zhl2k2n3fajbvg7-wget-1.25.0"
        },
        "x86_64-linux": {
          "outputs": [
            {
              "name": "out",
              "path": "/nix/store/ards3290i5mb6ll7vybvgdmv21ay9fba-wget-1.25.0",
              "default": true
            }
          ],
          "store_path": "/nix/store/ards3290i5mb6ll7vybvgdmv21ay9fba-wget-1.25.0"
        }
      }
    }
  }
}
